<?xml version="1.0" encoding="UTF-8" standalone="yes" ?>
<CodeBlocks_project_file>
	<FileVersion major="1" minor="6" />
	<Project>
		<Option title="voix" />
		<Option execution_dir="/home/guenon/Bureau/Cours/MAM4/projetS7/src/Game" />
		<Option pch_mode="2" />
		<Option compiler="gcc" />
		<Build>
			<Target title="project">
				<Option output="bin/project" prefix_auto="1" extension_auto="1" />
				<Option type="0" />
				<Option compiler="gcc" />
			</Target>
		</Build>
		<Compiler>
			<Add option="-Wall" />
		</Compiler>
		<Unit filename="src/Game/Drawable.cpp" />
		<Unit filename="src/Game/Drawable.h" />
		<Unit filename="src/Game/Frog.cpp" />
		<Unit filename="src/Game/Frog.h" />
		<Unit filename="src/Game/Game.cpp" />
		<Unit filename="src/Game/Game.h" />
		<Unit filename="src/Game/Item.cpp" />
		<Unit filename="src/Game/Item.h" />
		<Unit filename="src/Game/Joueur.cpp" />
		<Unit filename="src/Game/Joueur.h" />
		<Unit filename="src/Game/Map.cpp" />
		<Unit filename="src/Game/Map.h" />
		<Unit filename="src/Game/Menu.cpp" />
		<Unit filename="src/Game/Menu.h" />
		<Unit filename="src/Game/Score.cpp" />
		<Unit filename="src/Game/Score.h" />
		<Unit filename="src/Game/main.cpp" />
		<Unit filename="src/MyAL.cpp" />
		<Unit filename="src/MyAL.h" />
		<Unit filename="src/main.cpp" />
		<Extensions>
			<DoxyBlocks>
				<comment_style block="0" line="0" />
				<doxyfile_project />
				<doxyfile_build />
				<doxyfile_warnings />
				<doxyfile_output />
				<doxyfile_dot />
				<general />
			</DoxyBlocks>
			<code_completion>
				<search_path add="/usr/include/c++/4.7.2/" />
				<search_path add="/usr/include/c++/4.7.2/bits" />
				<search_path add="/usr/include/boost/" />
				<search_path add="/usr/include/AL" />
			</code_completion>
			<envvars />
			<lib_finder disable_auto="1" />
			<debugger />
		</Extensions>
	</Project>
</CodeBlocks_project_file>
